
Microsoft Visual Studio Solution File, Format Version 11.00
# Visual Studio 2010
Project("{FAE04EC0-301F-11D3-BF4B-00C04F79EFBC}") = "NHibernate-Init.Infrastructure", "source\NHibernate-Init.Infrastructure\NHibernate-Init.Infrastructure.csproj", "{9A5CF78D-7007-4BA1-A4BA-DC94F15323C8}"
EndProject
Project("{FAE04EC0-301F-11D3-BF4B-00C04F79EFBC}") = "NHibernate-Init.Shared", "source\NHibernate-Init.Shared\NHibernate-Init.Shared.csproj", "{9A661A39-C0D2-42DF-A6BE-FE4F95CBFADC}"
EndProject
Project("{FAE04EC0-301F-11D3-BF4B-00C04F79EFBC}") = "NHibernate-Init.Domain", "source\NHibernate-Init.Domain\NHibernate-Init.Domain.csproj", "{E3A6D568-EAC3-4A4F-8467-E82A6EAFB9C2}"
EndProject
Global
	GlobalSection(SolutionConfigurationPlatforms) = preSolution
		Debug|Any CPU = Debug|Any CPU
		Release|Any CPU = Release|Any CPU
	EndGlobalSection
	GlobalSection(ProjectConfigurationPlatforms) = postSolution
		{9A5CF78D-7007-4BA1-A4BA-DC94F15323C8}.Debug|Any CPU.ActiveCfg = Debug|Any CPU
		{9A5CF78D-7007-4BA1-A4BA-DC94F15323C8}.Debug|Any CPU.Build.0 = Debug|Any CPU
		{9A5CF78D-7007-4BA1-A4BA-DC94F15323C8}.Release|Any CPU.ActiveCfg = Release|Any CPU
		{9A5CF78D-7007-4BA1-A4BA-DC94F15323C8}.Release|Any CPU.Build.0 = Release|Any CPU
		{9A661A39-C0D2-42DF-A6BE-FE4F95CBFADC}.Debug|Any CPU.ActiveCfg = Debug|Any CPU
		{9A661A39-C0D2-42DF-A6BE-FE4F95CBFADC}.Debug|Any CPU.Build.0 = Debug|Any CPU
		{9A661A39-C0D2-42DF-A6BE-FE4F95CBFADC}.Release|Any CPU.ActiveCfg = Release|Any CPU
		{9A661A39-C0D2-42DF-A6BE-FE4F95CBFADC}.Release|Any CPU.Build.0 = Release|Any CPU
		{E3A6D568-EAC3-4A4F-8467-E82A6EAFB9C2}.Debug|Any CPU.ActiveCfg = Debug|Any CPU
		{E3A6D568-EAC3-4A4F-8467-E82A6EAFB9C2}.Debug|Any CPU.Build.0 = Debug|Any CPU
		{E3A6D568-EAC3-4A4F-8467-E82A6EAFB9C2}.Release|Any CPU.ActiveCfg = Release|Any CPU
		{E3A6D568-EAC3-4A4F-8467-E82A6EAFB9C2}.Release|Any CPU.Build.0 = Release|Any CPU
	EndGlobalSection
	GlobalSection(SolutionProperties) = preSolution
		HideSolutionNode = FALSE
	EndGlobalSection
EndGlobal
